Microsoft Visual Studio Solution File, Format Version 12.00
# Visual Studio Version 17
VisualStudioVersion = 17.5.2.0
MinimumVisualStudioVersion = 10.0.40219.1
Project("{FAE04EC0-301F-11D3-BF4B-00C04F79EFBC}") = "nerdboard-backdotnet", "nerdboard-backdotnet.csproj", "{5B17B5B5-CD9F-09EA-899E-901C441621D0}"
EndProject
Global
	GlobalSection(SolutionConfigurationPlatforms) = preSolution
		Debug|Any CPU = Debug|Any CPU
		Release|Any CPU = Release|Any CPU
	EndGlobalSection
	GlobalSection(ProjectConfigurationPlatforms) = postSolution
		{5B17B5B5-CD9F-09EA-899E-901C441621D0}.Debug|Any CPU.ActiveCfg = Debug|Any CPU
		{5B17B5B5-CD9F-09EA-899E-901C441621D0}.Debug|Any CPU.Build.0 = Debug|Any CPU
		{5B17B5B5-CD9F-09EA-899E-901C441621D0}.Release|Any CPU.ActiveCfg = Release|Any CPU
		{5B17B5B5-CD9F-09EA-899E-901C441621D0}.Release|Any CPU.Build.0 = Release|Any CPU
	EndGlobalSection
	GlobalSection(SolutionProperties) = preSolution
		HideSolutionNode = FALSE
	EndGlobalSection
	GlobalSection(ExtensibilityGlobals) = postSolution
		SolutionGuid = {DB5D2818-4D4F-4154-9580-2AAA16EA08AD}
	EndGlobalSection
EndGlobal
